
Microsoft Visual Studio Solution File, Format Version 12.00
# Visual Studio Version 17
VisualStudioVersion = 17.8.34309.116
MinimumVisualStudioVersion = 10.0.40219.1
Project("{FAE04EC0-301F-11D3-BF4B-00C04F79EFBC}") = "PeridectGame", "PeridectGame\PeridectGame.csproj", "{A7C712E9-FE37-411C-8B61-2BCDDBFDDBCB}"
EndProject
Project("{2150E333-8FDC-42A3-9474-1A3956D46DE8}") = "Common", "Common", "{3679538C-15AF-4B8D-A312-07B5EA9BF844}"
EndProject
Project("{FAE04EC0-301F-11D3-BF4B-00C04F79EFBC}") = "MohsenTools", "Common\MohsenTools\MohsenTools.csproj", "{24F7E4E2-93A2-4248-9890-B73C0E6E1FAD}"
EndProject
Project("{FAE04EC0-301F-11D3-BF4B-00C04F79EFBC}") = "CsvReader", "CsvReader\CsvReader.csproj", "{76E6C6BB-8F0F-4513-A6B2-B80DF49F47B1}"
EndProject
Global
	GlobalSection(SolutionConfigurationPlatforms) = preSolution
		Debug|Any CPU = Debug|Any CPU
		Release|Any CPU = Release|Any CPU
	EndGlobalSection
	GlobalSection(ProjectConfigurationPlatforms) = postSolution
		{A7C712E9-FE37-411C-8B61-2BCDDBFDDBCB}.Debug|Any CPU.ActiveCfg = Debug|Any CPU
		{A7C712E9-FE37-411C-8B61-2BCDDBFDDBCB}.Debug|Any CPU.Build.0 = Debug|Any CPU
		{A7C712E9-FE37-411C-8B61-2BCDDBFDDBCB}.Release|Any CPU.ActiveCfg = Release|Any CPU
		{A7C712E9-FE37-411C-8B61-2BCDDBFDDBCB}.Release|Any CPU.Build.0 = Release|Any CPU
		{24F7E4E2-93A2-4248-9890-B73C0E6E1FAD}.Debug|Any CPU.ActiveCfg = Debug|Any CPU
		{24F7E4E2-93A2-4248-9890-B73C0E6E1FAD}.Debug|Any CPU.Build.0 = Debug|Any CPU
		{24F7E4E2-93A2-4248-9890-B73C0E6E1FAD}.Release|Any CPU.ActiveCfg = Release|Any CPU
		{24F7E4E2-93A2-4248-9890-B73C0E6E1FAD}.Release|Any CPU.Build.0 = Release|Any CPU
		{76E6C6BB-8F0F-4513-A6B2-B80DF49F47B1}.Debug|Any CPU.ActiveCfg = Debug|Any CPU
		{76E6C6BB-8F0F-4513-A6B2-B80DF49F47B1}.Debug|Any CPU.Build.0 = Debug|Any CPU
		{76E6C6BB-8F0F-4513-A6B2-B80DF49F47B1}.Release|Any CPU.ActiveCfg = Release|Any CPU
		{76E6C6BB-8F0F-4513-A6B2-B80DF49F47B1}.Release|Any CPU.Build.0 = Release|Any CPU
	EndGlobalSection
	GlobalSection(SolutionProperties) = preSolution
		HideSolutionNode = FALSE
	EndGlobalSection
	GlobalSection(NestedProjects) = preSolution
		{24F7E4E2-93A2-4248-9890-B73C0E6E1FAD} = {3679538C-15AF-4B8D-A312-07B5EA9BF844}
	EndGlobalSection
	GlobalSection(ExtensibilityGlobals) = postSolution
		SolutionGuid = {B1D6BE1B-8872-43C3-8464-FB550C902D29}
	EndGlobalSection
EndGlobal
